// !$*UTF8*$!
{
	archiveVersion = 1;
	classes = {
	};
	objectVersion = 46;
	objects = {

/* Begin PBXBuildFile section */
		10640C7B1A99371300F388FE /* main.m in Sources */ = {isa = PBXBuildFile; fileRef = 10640C7A1A99371300F388FE /* main.m */; };
		10640C7E1A99371300F388FE /* AppDelegate.m in Sources */ = {isa = PBXBuildFile; fileRef = 10640C7D1A99371300F388FE /* AppDelegate.m */; };
		10640C811A99371300F388FE /* ViewController.m in Sources */ = {isa = PBXBuildFile; fileRef = 10640C801A99371300F388FE /* ViewController.m */; };
		10640C841A99371300F388FE /* Main.storyboard in Resources */ = {isa = PBXBuildFile; fileRef = 10640C821A99371300F388FE /* Main.storyboard */; };
		10640C861A99371300F388FE /* Images.xcassets in Resources */ = {isa = PBXBuildFile; fileRef = 10640C851A99371300F388FE /* Images.xcassets */; };
		10640C891A99371300F388FE /* LaunchScreen.xib in Resources */ = {isa = PBXBuildFile; fileRef = 10640C871A99371300F388FE /* LaunchScreen.xib */; };
		10640C951A99371300F388FE /* Age_of_LaikaTests.m in Sources */ = {isa = PBXBuildFile; fileRef = 10640C941A99371300F388FE /* Age_of_LaikaTests.m */; };
/* End PBXBuildFile section */

/* Begin PBXContainerItemProxy section */
		10640C8F1A99371300F388FE /* PBXContainerItemProxy */ = {
			isa = PBXContainerItemProxy;
			containerPortal = 10640C6D1A99371300F388FE /* Project object */;
			proxyType = 1;
			remoteGlobalIDString = 10640C741A99371300F388FE;
			remoteInfo = "Age of Laika";
		};
/* End PBXContainerItemProxy section */

/* Begin PBXFileReference section */
		10640C751A99371300F388FE /* Age of Laika.app */ = {isa = PBXFileReference; explicitFileType = wrapper.application; includeInIndex = 0; path = "Age of Laika.app"; sourceTree = BUILT_PRODUCTS_DIR; };
		10640C791A99371300F388FE /* Info.plist */ = {isa = PBXFileReference; lastKnownFileType = text.plist.xml; path = Info.plist; sourceTree = "<group>"; };
		10640C7A1A99371300F388FE /* main.m */ = {isa = PBXFileReference; lastKnownFileType = sourcecode.c.objc; path = main.m; sourceTree = "<group>"; };
		10640C7C1A99371300F388FE /* AppDelegate.h */ = {isa = PBXFileReference; lastKnownFileType = sourcecode.c.h; path = AppDelegate.h; sourceTree = "<group>"; };
		10640C7D1A99371300F388FE /* AppDelegate.m */ = {isa = PBXFileReference; lastKnownFileType = sourcecode.c.objc; path = AppDelegate.m; sourceTree = "<group>"; };
		10640C7F1A99371300F388FE /* ViewController.h */ = {isa = PBXFileReference; lastKnownFileType = sourcecode.c.h; path = ViewController.h; sourceTree = "<group>"; };
		10640C801A99371300F388FE /* ViewController.m */ = {isa = PBXFileReference; lastKnownFileType = sourcecode.c.objc; path = ViewController.m; sourceTree = "<group>"; };
		10640C831A99371300F388FE /* Base */ = {isa = PBXFileReference; lastKnownFileType = file.storyboard; name = Base; path = Base.lproj/Main.storyboard; sourceTree = "<group>"; };
		10640C851A99371300F388FE /* Images.xcassets */ = {isa = PBXFileReference; lastKnownFileType = folder.assetcatalog; path = Images.xcassets; sourceTree = "<group>"; };
		10640C881A99371300F388FE /* Base */ = {isa = PBXFileReference; lastKnownFileType = file.xib; name = Base; path = Base.lproj/LaunchScreen.xib; sourceTree = "<group>"; };
		10640C8E1A99371300F388FE /* Age of LaikaTests.xctest */ = {isa = PBXFileReference; explicitFileType = wrapper.cfbundle; includeInIndex = 0; path = "Age of LaikaTests.xctest"; sourceTree = BUILT_PRODUCTS_DIR; };
		10640C931A99371300F388FE /* Info.plist */ = {isa = PBXFileReference; lastKnownFileType = text.plist.xml; path = Info.plist; sourceTree = "<group>"; };
		10640C941A99371300F388FE /* Age_of_LaikaTests.m */ = {isa = PBXFileReference; lastKnownFileType = sourcecode.c.objc; path = Age_of_LaikaTests.m; sourceTree = "<group>"; };
/* End PBXFileReference section */

/* Begin PBXFrameworksBuildPhase section */
		10640C721A99371300F388FE /* Frameworks */ = {
			isa = PBXFrameworksBuildPhase;
			buildActionMask = 2147483647;
			files = (
			);
			runOnlyForDeploymentPostprocessing = 0;
		};
		10640C8B1A99371300F388FE /* Frameworks */ = {
			isa = PBXFrameworksBuildPhase;
			buildActionMask = 2147483647;
			files = (
			);
			runOnlyForDeploymentPostprocessing = 0;
		};
/* End PBXFrameworksBuildPhase section */

/* Begin PBXGroup section */
		10640C6C1A99371300F388FE = {
			isa = PBXGroup;
			children = (
				10640C771A99371300F388FE /* Age of Laika */,
				10640C911A99371300F388FE /* Age of LaikaTests */,
				10640C761A99371300F388FE /* Products */,
			);
			sourceTree = "<group>";
		};
		10640C761A99371300F388FE /* Products */ = {
			isa = PBXGroup;
			children = (
				10640C751A99371300F388FE /* Age of Laika.app */,
				10640C8E1A99371300F388FE /* Age of LaikaTests.xctest */,
			);
			name = Products;
			sourceTree = "<group>";
		};
		10640C771A99371300F388FE /* Age of Laika */ = {
			isa = PBXGroup;
			children = (
				10640C7C1A99371300F388FE /* AppDelegate.h */,
				10640C7D1A99371300F388FE /* AppDelegate.m */,
				10640C7F1A99371300F388FE /* ViewController.h */,
				10640C801A99371300F388FE /* ViewController.m */,
				10640C821A99371300F388FE /* Main.storyboard */,
				10640C851A99371300F388FE /* Images.xcassets */,
				10640C871A99371300F388FE /* LaunchScreen.xib */,
				10640C781A99371300F388FE /* Supporting Files */,
			);
			path = "Age of Laika";
			sourceTree = "<group>";
		};
		10640C781A99371300F388FE /* Supporting Files */ = {
			isa = PBXGroup;
			children = (
				10640C791A99371300F388FE /* Info.plist */,
				10640C7A1A99371300F388FE /* main.m */,
			);
			name = "Supporting Files";
			sourceTree = "<group>";
		};
		10640C911A99371300F388FE /* Age of LaikaTests */ = {
			isa = PBXGroup;
			children = (
				10640C941A99371300F388FE /* Age_of_LaikaTests.m */,
				10640C921A99371300F388FE /* Supporting Files */,
			);
			path = "Age of LaikaTests";
			sourceTree = "<group>";
		};
		10640C921A99371300F388FE /* Supporting Files */ = {
			isa = PBXGroup;
			children = (
				10640C931A99371300F388FE /* Info.plist */,
			);
			name = "Supporting Files";
			sourceTree = "<group>";
		};
/* End PBXGroup section */

/* Begin PBXNativeTarget section */
		10640C741A99371300F388FE /* Age of Laika */ = {
			isa = PBXNativeTarget;
			buildConfigurationList = 10640C981A99371300F388FE /* Build configuration list for PBXNativeTarget "Age of Laika" */;
			buildPhases = (
				10640C711A99371300F388FE /* Sources */,
				10640C721A99371300F388FE /* Frameworks */,
				10640C731A99371300F388FE /* Resources */,
			);
			buildRules = (
			);
			dependencies = (
			);
			name = "Age of Laika";
			productName = "Age of Laika";
			productReference = 10640C751A99371300F388FE /* Age of Laika.app */;
			productType = "com.apple.product-type.application";
		};
		10640C8D1A99371300F388FE /* Age of LaikaTests */ = {
			isa = PBXNativeTarget;
			buildConfigurationList = 10640C9B1A99371300F388FE /* Build configuration list for PBXNativeTarget "Age of LaikaTests" */;
			buildPhases = (
				10640C8A1A99371300F388FE /* Sources */,
				10640C8B1A99371300F388FE /* Frameworks */,
				10640C8C1A99371300F388FE /* Resources */,
			);
			buildRules = (
			);
			dependencies = (
				10640C901A99371300F388FE /* PBXTargetDependency */,
			);
			name = "Age of LaikaTests";
			productName = "Age of LaikaTests";
			productReference = 10640C8E1A99371300F388FE /* Age of LaikaTests.xctest */;
			productType = "com.apple.product-type.bundle.unit-test";
		};
/* End PBXNativeTarget section */

/* Begin PBXProject section */
		10640C6D1A99371300F388FE /* Project object */ = {
			isa = PBXProject;
			attributes = {
				LastUpgradeCheck = 0610;
				ORGANIZATIONNAME = "LebonTech solutions";
				TargetAttributes = {
					10640C741A99371300F388FE = {
						CreatedOnToolsVersion = 6.1.1;
					};
					10640C8D1A99371300F388FE = {
						CreatedOnToolsVersion = 6.1.1;
						TestTargetID = 10640C741A99371300F388FE;
					};
				};
			};
			buildConfigurationList = 10640C701A99371300F388FE /* Build configuration list for PBXProject "Age of Laika" */;
			compatibilityVersion = "Xcode 3.2";
			developmentRegion = English;
			hasScannedForEncodings = 0;
			knownRegions = (
				en,
				Base,
			);
			mainGroup = 10640C6C1A99371300F388FE;
			productRefGroup = 10640C761A99371300F388FE /* Products */;
			projectDirPath = "";
			projectRoot = "";
			targets = (
				10640C741A99371300F388FE /* Age of Laika */,
				10640C8D1A99371300F388FE /* Age of LaikaTests */,
			);
		};
/* End PBXProject section */

/* Begin PBXResourcesBuildPhase section */
		10640C731A99371300F388FE /* Resources */ = {
			isa = PBXResourcesBuildPhase;
			buildActionMask = 2147483647;
			files = (
				10640C841A99371300F388FE /* Main.storyboard in Resources */,
				10640C891A99371300F388FE /* LaunchScreen.xib in Resources */,
				10640C861A99371300F388FE /* Images.xcassets in Resources */,
			);
			runOnlyForDeploymentPostprocessing = 0;
		};
		10640C8C1A99371300F388FE /* Resources */ = {
			isa = PBXResourcesBuildPhase;
			buildActionMask = 2147483647;
			files = (
			);
			runOnlyForDeploymentPostprocessing = 0;
		};
/* End PBXResourcesBuildPhase section */

/* Begin PBXSourcesBuildPhase section */
		10640C711A99371300F388FE /* Sources */ = {
			isa = PBXSourcesBuildPhase;
			buildActionMask = 2147483647;
			files = (
				10640C811A99371300F388FE /* ViewController.m in Sources */,
				10640C7E1A99371300F388FE /* AppDelegate.m in Sources */,
				10640C7B1A99371300F388FE /* main.m in Sources */,
			);
			runOnlyForDeploymentPostprocessing = 0;
		};
		10640C8A1A99371300F388FE /* Sources */ = {
			isa = PBXSourcesBuildPhase;
			buildActionMask = 2147483647;
			files = (
				10640C951A99371300F388FE /* Age_of_LaikaTests.m in Sources */,
			);
			runOnlyForDeploymentPostprocessing = 0;
		};
/* End PBXSourcesBuildPhase section */

/* Begin PBXTargetDependency section */
		10640C901A99371300F388FE /* PBXTargetDependency */ = {
			isa = PBXTargetDependency;
			target = 10640C741A99371300F388FE /* Age of Laika */;
			targetProxy = 10640C8F1A99371300F388FE /* PBXContainerItemProxy */;
		};
/* End PBXTargetDependency section */

/* Begin PBXVariantGroup section */
		10640C821A99371300F388FE /* Main.storyboard */ = {
			isa = PBXVariantGroup;
			children = (
				10640C831A99371300F388FE /* Base */,
			);
			name = Main.storyboard;
			sourceTree = "<group>";
		};
		10640C871A99371300F388FE /* LaunchScreen.xib */ = {
			isa = PBXVariantGroup;
			children = (
				10640C881A99371300F388FE /* Base */,
			);
			name = LaunchScreen.xib;
			sourceTree = "<group>";
		};
/* End PBXVariantGroup section */

/* Begin XCBuildConfiguration section */
		10640C961A99371300F388FE /* Debug */ = {
			isa = XCBuildConfiguration;
			buildSettings = {
				ALWAYS_SEARCH_USER_PATHS = NO;
				CLANG_CXX_LANGUAGE_STANDARD = "gnu++0x";
				CLANG_CXX_LIBRARY = "libc++";
				CLANG_ENABLE_MODULES = YES;
				CLANG_ENABLE_OBJC_ARC = YES;
				CLANG_WARN_BOOL_CONVERSION = YES;
				CLANG_WARN_CONSTANT_CONVERSION = YES;
				CLANG_WARN_DIRECT_OBJC_ISA_USAGE = YES_ERROR;
				CLANG_WARN_EMPTY_BODY = YES;
				CLANG_WARN_ENUM_CONVERSION = YES;
				CLANG_WARN_INT_CONVERSION = YES;
				CLANG_WARN_OBJC_ROOT_CLASS = YES_ERROR;
				CLANG_WARN_UNREACHABLE_CODE = YES;
				CLANG_WARN__DUPLICATE_METHOD_MATCH = YES;
				"CODE_SIGN_IDENTITY[sdk=iphoneos*]" = "iPhone Developer";
				COPY_PHASE_STRIP = NO;
				ENABLE_STRICT_OBJC_MSGSEND = YES;
				GCC_C_LANGUAGE_STANDARD = gnu99;
				GCC_DYNAMIC_NO_PIC = NO;
				GCC_OPTIMIZATION_LEVEL = 0;
				GCC_PREPROCESSOR_DEFINITIONS = (
					"DEBUG=1",
					"$(inherited)",
				);
				GCC_SYMBOLS_PRIVATE_EXTERN = NO;
				GCC_WARN_64_TO_32_BIT_CONVERSION = YES;
				GCC_WARN_ABOUT_RETURN_TYPE = YES_ERROR;
				GCC_WARN_UNDECLARED_SELECTOR = YES;
				GCC_WARN_UNINITIALIZED_AUTOS = YES_AGGRESSIVE;
				GCC_WARN_UNUSED_FUNCTION = YES;
				GCC_WARN_UNUSED_VARIABLE = YES;
				IPHONEOS_DEPLOYMENT_TARGET = 8.1;
				MTL_ENABLE_DEBUG_INFO = YES;
				ONLY_ACTIVE_ARCH = YES;
				SDKROOT = iphoneos;
			};
			name = Debug;
		};
		10640C971A99371300F388FE /* Release */ = {
			isa = XCBuildConfiguration;
			buildSettings = {
				ALWAYS_SEARCH_USER_PATHS = NO;
				CLANG_CXX_LANGUAGE_STANDARD = "gnu++0x";
				CLANG_CXX_LIBRARY = "libc++";
				CLANG_ENABLE_MODULES = YES;
				CLANG_ENABLE_OBJC_ARC = YES;
				CLANG_WARN_BOOL_CONVERSION = YES;
				CLANG_WARN_CONSTANT_CONVERSION = YES;
				CLANG_WARN_DIRECT_OBJC_ISA_USAGE = YES_ERROR;
				CLANG_WARN_EMPTY_BODY = YES;
				CLANG_WARN_ENUM_CONVERSION = YES;
				CLANG_WARN_INT_CONVERSION = YES;
				CLANG_WARN_OBJC_ROOT_CLASS = YES_ERROR;
				CLANG_WARN_UNREACHABLE_CODE = YES;
				CLANG_WARN__DUPLICATE_METHOD_MATCH = YES;
				"CODE_SIGN_IDENTITY[sdk=iphoneos*]" = "iPhone Developer";
				COPY_PHASE_STRIP = YES;
				ENABLE_NS_ASSERTIONS = NO;
				ENABLE_STRICT_OBJC_MSGSEND = YES;
				GCC_C_LANGUAGE_STANDARD = gnu99;
				GCC_WARN_64_TO_32_BIT_CONVERSION = YES;
				GCC_WARN_ABOUT_RETURN_TYPE = YES_ERROR;
				GCC_WARN_UNDECLARED_SELECTOR = YES;
				GCC_WARN_UNINITIALIZED_AUTOS = YES_AGGRESSIVE;
				GCC_WARN_UNUSED_FUNCTION = YES;
				GCC_WARN_UNUSED_VARIABLE = YES;
				IPHONEOS_DEPLOYMENT_TARGET = 8.1;
				MTL_ENABLE_DEBUG_INFO = NO;
				SDKROOT = iphoneos;
				VALIDATE_PRODUCT = YES;
			};
			name = Release;
		};
		10640C991A99371300F388FE /* Debug */ = {
			isa = XCBuildConfiguration;
			buildSettings = {
				ASSETCATALOG_COMPILER_APPICON_NAME = AppIcon;
				INFOPLIST_FILE = "Age of Laika/Info.plist";
				LD_RUNPATH_SEARCH_PATHS = "$(inherited) @executable_path/Frameworks";
				PRODUCT_NAME = "$(TARGET_NAME)";
			};
			name = Debug;
		};
		10640C9A1A99371300F388FE /* Release */ = {
			isa = XCBuildConfiguration;
			buildSettings = {
				ASSETCATALOG_COMPILER_APPICON_NAME = AppIcon;
				INFOPLIST_FILE = "Age of Laika/Info.plist";
				LD_RUNPATH_SEARCH_PATHS = "$(inherited) @executable_path/Frameworks";
				PRODUCT_NAME = "$(TARGET_NAME)";
			};
			name = Release;
		};
		10640C9C1A99371300F388FE /* Debug */ = {
			isa = XCBuildConfiguration;
			buildSettings = {
				BUNDLE_LOADER = "$(TEST_HOST)";
				FRAMEWORK_SEARCH_PATHS = (
					"$(SDKROOT)/Developer/Library/Frameworks",
					"$(inherited)",
				);
				GCC_PREPROCESSOR_DEFINITIONS = (
					"DEBUG=1",
					"$(inherited)",
				);
				INFOPLIST_FILE = "Age of LaikaTests/Info.plist";
				LD_RUNPATH_SEARCH_PATHS = "$(inherited) @executable_path/Frameworks @loader_path/Frameworks";
				PRODUCT_NAME = "$(TARGET_NAME)";
				TEST_HOST = "$(BUILT_PRODUCTS_DIR)/Age of Laika.app/Age of Laika";
			};
			name = Debug;
		};
		10640C9D1A99371300F388FE /* Release */ = {
			isa = XCBuildConfiguration;
			buildSettings = {
				BUNDLE_LOADER = "$(TEST_HOST)";
				FRAMEWORK_SEARCH_PATHS = (
					"$(SDKROOT)/Developer/Library/Frameworks",
					"$(inherited)",
				);
				INFOPLIST_FILE = "Age of LaikaTests/Info.plist";
				LD_RUNPATH_SEARCH_PATHS = "$(inherited) @executable_path/Frameworks @loader_path/Frameworks";
				PRODUCT_NAME = "$(TARGET_NAME)";
				TEST_HOST = "$(BUILT_PRODUCTS_DIR)/Age of Laika.app/Age of Laika";
			};
			name = Release;
		};
/* End XCBuildConfiguration section */

/* Begin XCConfigurationList section */
		10640C701A99371300F388FE /* Build configuration list for PBXProject "Age of Laika" */ = {
			isa = XCConfigurationList;
			buildConfigurations = (
				10640C961A99371300F388FE /* Debug */,
				10640C971A99371300F388FE /* Release */,
			);
			defaultConfigurationIsVisible = 0;
			defaultConfigurationName = Release;
		};
		10640C981A99371300F388FE /* Build configuration list for PBXNativeTarget "Age of Laika" */ = {
			isa = XCConfigurationList;
			buildConfigurations = (
				10640C991A99371300F388FE /* Debug */,
				10640C9A1A99371300F388FE /* Release */,
			);
			defaultConfigurationIsVisible = 0;
		};
		10640C9B1A99371300F388FE /* Build configuration list for PBXNativeTarget "Age of LaikaTests" */ = {
			isa = XCConfigurationList;
			buildConfigurations = (
				10640C9C1A99371300F388FE /* Debug */,
				10640C9D1A99371300F388FE /* Release */,
			);
			defaultConfigurationIsVisible = 0;
		};
/* End XCConfigurationList section */
	};
	rootObject = 10640C6D1A99371300F388FE /* Project object */;
}
